# generated by rye
# use `rye lock` or `rye sync` to update this lockfile
#
# last locked with the following flags:
#   pre: false
#   features: []
#   all-features: false
#   with-sources: false

-e file:.
absl-py==2.1.0
    # via chex
    # via optax
    # via orbax-checkpoint
aiohttp==3.9.3
    # via datasets
    # via fsspec
aiosignal==1.3.1
    # via aiohttp
alembic==1.13.1
    # via optuna
attrs==23.2.0
    # via aiohttp
certifi==2024.2.2
    # via requests
charset-normalizer==3.3.2
    # via requests
chex==0.1.85
    # via optax
colorlog==6.8.2
    # via optuna
contourpy==1.2.0
    # via matplotlib
cycler==0.12.1
    # via matplotlib
datasets==2.17.0
    # via generative-vae
dill==0.3.8
    # via datasets
    # via multiprocess
etils==1.7.0
    # via orbax-checkpoint
filelock==3.13.1
    # via datasets
    # via huggingface-hub
flax==0.8.1
    # via generative-vae
fonttools==4.49.0
    # via matplotlib
frozenlist==1.4.1
    # via aiohttp
    # via aiosignal
fsspec==2023.10.0
    # via datasets
    # via etils
    # via huggingface-hub
greenlet==3.0.3
    # via sqlalchemy
huggingface-hub==0.20.3
    # via datasets
idna==3.6
    # via requests
    # via yarl
importlib-resources==6.1.1
    # via etils
jax==0.4.24
    # via chex
    # via flax
    # via generative-vae
    # via optax
    # via orbax-checkpoint
jaxlib==0.4.24
    # via chex
    # via jax
    # via optax
    # via orbax-checkpoint
kiwisolver==1.4.5
    # via matplotlib
mako==1.3.2
    # via alembic
markdown-it-py==3.0.0
    # via rich
markupsafe==2.1.5
    # via mako
matplotlib==3.8.3
    # via generative-vae
mdurl==0.1.2
    # via markdown-it-py
ml-dtypes==0.3.2
    # via jax
    # via jaxlib
    # via tensorstore
msgpack==1.0.7
    # via flax
    # via orbax-checkpoint
multidict==6.0.5
    # via aiohttp
    # via yarl
multiprocess==0.70.16
    # via datasets
nest-asyncio==1.6.0
    # via orbax-checkpoint
numpy==1.26.4
    # via chex
    # via contourpy
    # via datasets
    # via flax
    # via jax
    # via jaxlib
    # via matplotlib
    # via ml-dtypes
    # via opt-einsum
    # via optax
    # via optuna
    # via orbax-checkpoint
    # via pandas
    # via pyarrow
    # via scipy
    # via tensorstore
opt-einsum==3.3.0
    # via jax
optax==0.1.9
    # via flax
optuna==3.5.0
    # via generative-vae
orbax-checkpoint==0.5.3
    # via flax
packaging==23.2
    # via datasets
    # via huggingface-hub
    # via matplotlib
    # via optuna
pandas==2.2.0
    # via datasets
pillow==10.2.0
    # via datasets
    # via matplotlib
protobuf==4.25.3
    # via orbax-checkpoint
pyarrow==15.0.0
    # via datasets
pyarrow-hotfix==0.6
    # via datasets
pygments==2.17.2
    # via rich
pyparsing==3.1.1
    # via matplotlib
python-dateutil==2.8.2
    # via matplotlib
    # via pandas
pytz==2024.1
    # via pandas
pyyaml==6.0.1
    # via datasets
    # via flax
    # via huggingface-hub
    # via optuna
    # via orbax-checkpoint
requests==2.31.0
    # via datasets
    # via fsspec
    # via huggingface-hub
rich==13.7.0
    # via flax
scipy==1.12.0
    # via jax
    # via jaxlib
setuptools==69.1.0
    # via chex
six==1.16.0
    # via python-dateutil
sqlalchemy==2.0.27
    # via alembic
    # via optuna
tensorstore==0.1.53
    # via flax
    # via orbax-checkpoint
toolz==0.12.1
    # via chex
tornado==6.4
    # via generative-vae
tqdm==4.66.2
    # via datasets
    # via huggingface-hub
    # via optuna
typing-extensions==4.9.0
    # via alembic
    # via chex
    # via etils
    # via flax
    # via huggingface-hub
    # via orbax-checkpoint
    # via sqlalchemy
tzdata==2024.1
    # via pandas
urllib3==2.2.0
    # via requests
xxhash==3.4.1
    # via datasets
yarl==1.9.4
    # via aiohttp
zipp==3.17.0
    # via etils
